
Microsoft Visual Studio Solution File, Format Version 12.00
# Visual Studio 15
VisualStudioVersion = 15.0.28307.960
MinimumVisualStudioVersion = 10.0.40219.1
Project("{FAE04EC0-301F-11D3-BF4B-00C04F79EFBC}") = "Ludo", "Ludo\Ludo.csproj", "{29AEBF0C-5428-46F7-BFE4-2706B0A0D597}"
EndProject
Project("{FAE04EC0-301F-11D3-BF4B-00C04F79EFBC}") = "Ludo_TestProject", "Ludo_TestProject\Ludo_TestProject.csproj", "{6251A556-A6DB-41E2-B611-7428232DE96A}"
EndProject
Global
	GlobalSection(SolutionConfigurationPlatforms) = preSolution
		Debug|Any CPU = Debug|Any CPU
		Release|Any CPU = Release|Any CPU
	EndGlobalSection
	GlobalSection(ProjectConfigurationPlatforms) = postSolution
		{29AEBF0C-5428-46F7-BFE4-2706B0A0D597}.Debug|Any CPU.ActiveCfg = Debug|Any CPU
		{29AEBF0C-5428-46F7-BFE4-2706B0A0D597}.Debug|Any CPU.Build.0 = Debug|Any CPU
		{29AEBF0C-5428-46F7-BFE4-2706B0A0D597}.Release|Any CPU.ActiveCfg = Release|Any CPU
		{29AEBF0C-5428-46F7-BFE4-2706B0A0D597}.Release|Any CPU.Build.0 = Release|Any CPU
		{6251A556-A6DB-41E2-B611-7428232DE96A}.Debug|Any CPU.ActiveCfg = Debug|Any CPU
		{6251A556-A6DB-41E2-B611-7428232DE96A}.Debug|Any CPU.Build.0 = Debug|Any CPU
		{6251A556-A6DB-41E2-B611-7428232DE96A}.Release|Any CPU.ActiveCfg = Release|Any CPU
		{6251A556-A6DB-41E2-B611-7428232DE96A}.Release|Any CPU.Build.0 = Release|Any CPU
	EndGlobalSection
	GlobalSection(SolutionProperties) = preSolution
		HideSolutionNode = FALSE
	EndGlobalSection
	GlobalSection(ExtensibilityGlobals) = postSolution
		SolutionGuid = {44C8E4EF-D8D3-424F-A513-1B42B2F3D27D}
	EndGlobalSection
EndGlobal
